
Microsoft Visual Studio Solution File, Format Version 12.00
# Visual Studio Version 17
VisualStudioVersion = 17.7.34202.233
MinimumVisualStudioVersion = 10.0.40219.1
Project("{FAE04EC0-301F-11D3-BF4B-00C04F79EFBC}") = "Studentsinfo_arrayList", "Studentsinfo_arrayList\Studentsinfo_arrayList.csproj", "{CC7F8BD7-4038-441E-AB90-9DC90E75B876}"
EndProject
Global
	GlobalSection(SolutionConfigurationPlatforms) = preSolution
		Debug|Any CPU = Debug|Any CPU
		Release|Any CPU = Release|Any CPU
	EndGlobalSection
	GlobalSection(ProjectConfigurationPlatforms) = postSolution
		{CC7F8BD7-4038-441E-AB90-9DC90E75B876}.Debug|Any CPU.ActiveCfg = Debug|Any CPU
		{CC7F8BD7-4038-441E-AB90-9DC90E75B876}.Debug|Any CPU.Build.0 = Debug|Any CPU
		{CC7F8BD7-4038-441E-AB90-9DC90E75B876}.Release|Any CPU.ActiveCfg = Release|Any CPU
		{CC7F8BD7-4038-441E-AB90-9DC90E75B876}.Release|Any CPU.Build.0 = Release|Any CPU
	EndGlobalSection
	GlobalSection(SolutionProperties) = preSolution
		HideSolutionNode = FALSE
	EndGlobalSection
	GlobalSection(ExtensibilityGlobals) = postSolution
		SolutionGuid = {CD142E00-B368-402B-BF45-A139DB26D059}
	EndGlobalSection
EndGlobal
