
Microsoft Visual Studio Solution File, Format Version 12.00
# Visual Studio Version 17
VisualStudioVersion = 17.7.34202.233
MinimumVisualStudioVersion = 10.0.40219.1
Project("{FAE04EC0-301F-11D3-BF4B-00C04F79EFBC}") = "Bank_User_input", "Bank_User_input\Bank_User_input.csproj", "{98DFB227-FD57-45F5-A701-B61D0BA7BEAD}"
EndProject
Global
	GlobalSection(SolutionConfigurationPlatforms) = preSolution
		Debug|Any CPU = Debug|Any CPU
		Release|Any CPU = Release|Any CPU
	EndGlobalSection
	GlobalSection(ProjectConfigurationPlatforms) = postSolution
		{98DFB227-FD57-45F5-A701-B61D0BA7BEAD}.Debug|Any CPU.ActiveCfg = Debug|Any CPU
		{98DFB227-FD57-45F5-A701-B61D0BA7BEAD}.Debug|Any CPU.Build.0 = Debug|Any CPU
		{98DFB227-FD57-45F5-A701-B61D0BA7BEAD}.Release|Any CPU.ActiveCfg = Release|Any CPU
		{98DFB227-FD57-45F5-A701-B61D0BA7BEAD}.Release|Any CPU.Build.0 = Release|Any CPU
	EndGlobalSection
	GlobalSection(SolutionProperties) = preSolution
		HideSolutionNode = FALSE
	EndGlobalSection
	GlobalSection(ExtensibilityGlobals) = postSolution
		SolutionGuid = {A26DE5C4-B678-4CAC-8EF1-1236F4B85A8B}
	EndGlobalSection
EndGlobal
