
Microsoft Visual Studio Solution File, Format Version 12.00
# Visual Studio Version 17
VisualStudioVersion = 17.7.34202.233
MinimumVisualStudioVersion = 10.0.40219.1
Project("{FAE04EC0-301F-11D3-BF4B-00C04F79EFBC}") = "sum_of_n_natural_numbers", "sum_of_n_natural_numbers\sum_of_n_natural_numbers.csproj", "{8056EE05-9852-4112-AF88-475BF8984ECE}"
EndProject
Global
	GlobalSection(SolutionConfigurationPlatforms) = preSolution
		Debug|Any CPU = Debug|Any CPU
		Release|Any CPU = Release|Any CPU
	EndGlobalSection
	GlobalSection(ProjectConfigurationPlatforms) = postSolution
		{8056EE05-9852-4112-AF88-475BF8984ECE}.Debug|Any CPU.ActiveCfg = Debug|Any CPU
		{8056EE05-9852-4112-AF88-475BF8984ECE}.Debug|Any CPU.Build.0 = Debug|Any CPU
		{8056EE05-9852-4112-AF88-475BF8984ECE}.Release|Any CPU.ActiveCfg = Release|Any CPU
		{8056EE05-9852-4112-AF88-475BF8984ECE}.Release|Any CPU.Build.0 = Release|Any CPU
	EndGlobalSection
	GlobalSection(SolutionProperties) = preSolution
		HideSolutionNode = FALSE
	EndGlobalSection
	GlobalSection(ExtensibilityGlobals) = postSolution
		SolutionGuid = {7E4A1212-F080-4AB4-BF6B-A24F5F96EB6E}
	EndGlobalSection
EndGlobal
