
Microsoft Visual Studio Solution File, Format Version 12.00
# Visual Studio Version 17
VisualStudioVersion = 17.7.34202.233
MinimumVisualStudioVersion = 10.0.40219.1
Project("{FAE04EC0-301F-11D3-BF4B-00C04F79EFBC}") = "Array_to_storeInt", "Array_to_storeInt\Array_to_storeInt.csproj", "{7A4C992D-E37A-406A-AAE6-BEA181D32C00}"
EndProject
Global
	GlobalSection(SolutionConfigurationPlatforms) = preSolution
		Debug|Any CPU = Debug|Any CPU
		Release|Any CPU = Release|Any CPU
	EndGlobalSection
	GlobalSection(ProjectConfigurationPlatforms) = postSolution
		{7A4C992D-E37A-406A-AAE6-BEA181D32C00}.Debug|Any CPU.ActiveCfg = Debug|Any CPU
		{7A4C992D-E37A-406A-AAE6-BEA181D32C00}.Debug|Any CPU.Build.0 = Debug|Any CPU
		{7A4C992D-E37A-406A-AAE6-BEA181D32C00}.Release|Any CPU.ActiveCfg = Release|Any CPU
		{7A4C992D-E37A-406A-AAE6-BEA181D32C00}.Release|Any CPU.Build.0 = Release|Any CPU
	EndGlobalSection
	GlobalSection(SolutionProperties) = preSolution
		HideSolutionNode = FALSE
	EndGlobalSection
	GlobalSection(ExtensibilityGlobals) = postSolution
		SolutionGuid = {D0195718-2F9C-43BA-8103-8EEB5B713DDD}
	EndGlobalSection
EndGlobal
