
Microsoft Visual Studio Solution File, Format Version 12.00
# Visual Studio Version 17
VisualStudioVersion = 17.7.34202.233
MinimumVisualStudioVersion = 10.0.40219.1
Project("{FAE04EC0-301F-11D3-BF4B-00C04F79EFBC}") = "base_class_constructor", "base_class_constructor\base_class_constructor.csproj", "{B46ABCA1-869F-42C3-8BBF-58E328E6DBBD}"
EndProject
Global
	GlobalSection(SolutionConfigurationPlatforms) = preSolution
		Debug|Any CPU = Debug|Any CPU
		Release|Any CPU = Release|Any CPU
	EndGlobalSection
	GlobalSection(ProjectConfigurationPlatforms) = postSolution
		{B46ABCA1-869F-42C3-8BBF-58E328E6DBBD}.Debug|Any CPU.ActiveCfg = Debug|Any CPU
		{B46ABCA1-869F-42C3-8BBF-58E328E6DBBD}.Debug|Any CPU.Build.0 = Debug|Any CPU
		{B46ABCA1-869F-42C3-8BBF-58E328E6DBBD}.Release|Any CPU.ActiveCfg = Release|Any CPU
		{B46ABCA1-869F-42C3-8BBF-58E328E6DBBD}.Release|Any CPU.Build.0 = Release|Any CPU
	EndGlobalSection
	GlobalSection(SolutionProperties) = preSolution
		HideSolutionNode = FALSE
	EndGlobalSection
	GlobalSection(ExtensibilityGlobals) = postSolution
		SolutionGuid = {32AC0483-5497-4DF0-B1DD-B70984811AA2}
	EndGlobalSection
EndGlobal
