
Microsoft Visual Studio Solution File, Format Version 12.00
# Visual Studio Version 17
VisualStudioVersion = 17.7.34202.233
MinimumVisualStudioVersion = 10.0.40219.1
Project("{FAE04EC0-301F-11D3-BF4B-00C04F79EFBC}") = "radius_to_calc_area_circumference", "radius_to_calc_area_circumference\radius_to_calc_area_circumference.csproj", "{C76706AD-F1C4-4FCA-8D5B-64C445DB17B1}"
EndProject
Global
	GlobalSection(SolutionConfigurationPlatforms) = preSolution
		Debug|Any CPU = Debug|Any CPU
		Release|Any CPU = Release|Any CPU
	EndGlobalSection
	GlobalSection(ProjectConfigurationPlatforms) = postSolution
		{C76706AD-F1C4-4FCA-8D5B-64C445DB17B1}.Debug|Any CPU.ActiveCfg = Debug|Any CPU
		{C76706AD-F1C4-4FCA-8D5B-64C445DB17B1}.Debug|Any CPU.Build.0 = Debug|Any CPU
		{C76706AD-F1C4-4FCA-8D5B-64C445DB17B1}.Release|Any CPU.ActiveCfg = Release|Any CPU
		{C76706AD-F1C4-4FCA-8D5B-64C445DB17B1}.Release|Any CPU.Build.0 = Release|Any CPU
	EndGlobalSection
	GlobalSection(SolutionProperties) = preSolution
		HideSolutionNode = FALSE
	EndGlobalSection
	GlobalSection(ExtensibilityGlobals) = postSolution
		SolutionGuid = {8E31AA54-133B-4DB0-B9A9-EE86B7D9CFF6}
	EndGlobalSection
EndGlobal
