
Microsoft Visual Studio Solution File, Format Version 12.00
# Visual Studio Version 17
VisualStudioVersion = 17.7.34202.233
MinimumVisualStudioVersion = 10.0.40219.1
Project("{FAE04EC0-301F-11D3-BF4B-00C04F79EFBC}") = "Month_number_Name_Switch", "Month_number_Name_Switch\Month_number_Name_Switch.csproj", "{F4880938-A875-4FDD-860A-70ED5EDA70D0}"
EndProject
Global
	GlobalSection(SolutionConfigurationPlatforms) = preSolution
		Debug|Any CPU = Debug|Any CPU
		Release|Any CPU = Release|Any CPU
	EndGlobalSection
	GlobalSection(ProjectConfigurationPlatforms) = postSolution
		{F4880938-A875-4FDD-860A-70ED5EDA70D0}.Debug|Any CPU.ActiveCfg = Debug|Any CPU
		{F4880938-A875-4FDD-860A-70ED5EDA70D0}.Debug|Any CPU.Build.0 = Debug|Any CPU
		{F4880938-A875-4FDD-860A-70ED5EDA70D0}.Release|Any CPU.ActiveCfg = Release|Any CPU
		{F4880938-A875-4FDD-860A-70ED5EDA70D0}.Release|Any CPU.Build.0 = Release|Any CPU
	EndGlobalSection
	GlobalSection(SolutionProperties) = preSolution
		HideSolutionNode = FALSE
	EndGlobalSection
	GlobalSection(ExtensibilityGlobals) = postSolution
		SolutionGuid = {B9E3039C-428E-4BC3-A00E-DA8EE360A89B}
	EndGlobalSection
EndGlobal
