
Microsoft Visual Studio Solution File, Format Version 12.00
# Visual Studio Version 17
VisualStudioVersion = 17.7.34202.233
MinimumVisualStudioVersion = 10.0.40219.1
Project("{FAE04EC0-301F-11D3-BF4B-00C04F79EFBC}") = "Database_connection", "Database_connection\Database_connection.csproj", "{BB0A68E6-E7CA-45EE-9B40-53858F9DB5A6}"
EndProject
Global
	GlobalSection(SolutionConfigurationPlatforms) = preSolution
		Debug|Any CPU = Debug|Any CPU
		Release|Any CPU = Release|Any CPU
	EndGlobalSection
	GlobalSection(ProjectConfigurationPlatforms) = postSolution
		{BB0A68E6-E7CA-45EE-9B40-53858F9DB5A6}.Debug|Any CPU.ActiveCfg = Debug|Any CPU
		{BB0A68E6-E7CA-45EE-9B40-53858F9DB5A6}.Debug|Any CPU.Build.0 = Debug|Any CPU
		{BB0A68E6-E7CA-45EE-9B40-53858F9DB5A6}.Release|Any CPU.ActiveCfg = Release|Any CPU
		{BB0A68E6-E7CA-45EE-9B40-53858F9DB5A6}.Release|Any CPU.Build.0 = Release|Any CPU
	EndGlobalSection
	GlobalSection(SolutionProperties) = preSolution
		HideSolutionNode = FALSE
	EndGlobalSection
	GlobalSection(ExtensibilityGlobals) = postSolution
		SolutionGuid = {FC20FDA0-2443-42EF-97A3-75E712A27822}
	EndGlobalSection
EndGlobal
