
Microsoft Visual Studio Solution File, Format Version 12.00
# Visual Studio Version 17
VisualStudioVersion = 17.7.34202.233
MinimumVisualStudioVersion = 10.0.40219.1
Project("{FAE04EC0-301F-11D3-BF4B-00C04F79EFBC}") = "ass2_Customer_Queue", "ass2_Customer_Queue\ass2_Customer_Queue.csproj", "{4FF42DE7-E90A-41A0-B4F6-1AE0D64D74A8}"
EndProject
Global
	GlobalSection(SolutionConfigurationPlatforms) = preSolution
		Debug|Any CPU = Debug|Any CPU
		Release|Any CPU = Release|Any CPU
	EndGlobalSection
	GlobalSection(ProjectConfigurationPlatforms) = postSolution
		{4FF42DE7-E90A-41A0-B4F6-1AE0D64D74A8}.Debug|Any CPU.ActiveCfg = Debug|Any CPU
		{4FF42DE7-E90A-41A0-B4F6-1AE0D64D74A8}.Debug|Any CPU.Build.0 = Debug|Any CPU
		{4FF42DE7-E90A-41A0-B4F6-1AE0D64D74A8}.Release|Any CPU.ActiveCfg = Release|Any CPU
		{4FF42DE7-E90A-41A0-B4F6-1AE0D64D74A8}.Release|Any CPU.Build.0 = Release|Any CPU
	EndGlobalSection
	GlobalSection(SolutionProperties) = preSolution
		HideSolutionNode = FALSE
	EndGlobalSection
	GlobalSection(ExtensibilityGlobals) = postSolution
		SolutionGuid = {5EE9BB1A-1B80-4697-88D9-03CE6A28BC5C}
	EndGlobalSection
EndGlobal
