
Microsoft Visual Studio Solution File, Format Version 12.00
# Visual Studio Version 17
VisualStudioVersion = 17.7.34202.233
MinimumVisualStudioVersion = 10.0.40219.1
Project("{FAE04EC0-301F-11D3-BF4B-00C04F79EFBC}") = "Constructor", "Constructor\Constructor.csproj", "{6336D0D5-E989-4870-A4BA-BCAF078DBC74}"
EndProject
Global
	GlobalSection(SolutionConfigurationPlatforms) = preSolution
		Debug|Any CPU = Debug|Any CPU
		Release|Any CPU = Release|Any CPU
	EndGlobalSection
	GlobalSection(ProjectConfigurationPlatforms) = postSolution
		{6336D0D5-E989-4870-A4BA-BCAF078DBC74}.Debug|Any CPU.ActiveCfg = Debug|Any CPU
		{6336D0D5-E989-4870-A4BA-BCAF078DBC74}.Debug|Any CPU.Build.0 = Debug|Any CPU
		{6336D0D5-E989-4870-A4BA-BCAF078DBC74}.Release|Any CPU.ActiveCfg = Release|Any CPU
		{6336D0D5-E989-4870-A4BA-BCAF078DBC74}.Release|Any CPU.Build.0 = Release|Any CPU
	EndGlobalSection
	GlobalSection(SolutionProperties) = preSolution
		HideSolutionNode = FALSE
	EndGlobalSection
	GlobalSection(ExtensibilityGlobals) = postSolution
		SolutionGuid = {CAD07037-7575-429A-AF4F-9EDFDCD86248}
	EndGlobalSection
EndGlobal
