
Microsoft Visual Studio Solution File, Format Version 12.00
# Visual Studio Version 17
VisualStudioVersion = 17.7.34202.233
MinimumVisualStudioVersion = 10.0.40219.1
Project("{FAE04EC0-301F-11D3-BF4B-00C04F79EFBC}") = "table_of_no_ForLoop", "table_of_no_ForLoop\table_of_no_ForLoop.csproj", "{72F92CE0-BE3F-4FEE-9253-44C1C397277E}"
EndProject
Global
	GlobalSection(SolutionConfigurationPlatforms) = preSolution
		Debug|Any CPU = Debug|Any CPU
		Release|Any CPU = Release|Any CPU
	EndGlobalSection
	GlobalSection(ProjectConfigurationPlatforms) = postSolution
		{72F92CE0-BE3F-4FEE-9253-44C1C397277E}.Debug|Any CPU.ActiveCfg = Debug|Any CPU
		{72F92CE0-BE3F-4FEE-9253-44C1C397277E}.Debug|Any CPU.Build.0 = Debug|Any CPU
		{72F92CE0-BE3F-4FEE-9253-44C1C397277E}.Release|Any CPU.ActiveCfg = Release|Any CPU
		{72F92CE0-BE3F-4FEE-9253-44C1C397277E}.Release|Any CPU.Build.0 = Release|Any CPU
	EndGlobalSection
	GlobalSection(SolutionProperties) = preSolution
		HideSolutionNode = FALSE
	EndGlobalSection
	GlobalSection(ExtensibilityGlobals) = postSolution
		SolutionGuid = {690FA1E0-2A89-4A87-80F4-37A21E104838}
	EndGlobalSection
EndGlobal
