
Microsoft Visual Studio Solution File, Format Version 12.00
# Visual Studio Version 17
VisualStudioVersion = 17.7.34202.233
MinimumVisualStudioVersion = 10.0.40219.1
Project("{FAE04EC0-301F-11D3-BF4B-00C04F79EFBC}") = "bonus_&_position_Switch", "bonus_&_position_Switch\bonus_&_position_Switch.csproj", "{D9DEA486-7698-4957-9BDC-C026335E30D5}"
EndProject
Global
	GlobalSection(SolutionConfigurationPlatforms) = preSolution
		Debug|Any CPU = Debug|Any CPU
		Release|Any CPU = Release|Any CPU
	EndGlobalSection
	GlobalSection(ProjectConfigurationPlatforms) = postSolution
		{D9DEA486-7698-4957-9BDC-C026335E30D5}.Debug|Any CPU.ActiveCfg = Debug|Any CPU
		{D9DEA486-7698-4957-9BDC-C026335E30D5}.Debug|Any CPU.Build.0 = Debug|Any CPU
		{D9DEA486-7698-4957-9BDC-C026335E30D5}.Release|Any CPU.ActiveCfg = Release|Any CPU
		{D9DEA486-7698-4957-9BDC-C026335E30D5}.Release|Any CPU.Build.0 = Release|Any CPU
	EndGlobalSection
	GlobalSection(SolutionProperties) = preSolution
		HideSolutionNode = FALSE
	EndGlobalSection
	GlobalSection(ExtensibilityGlobals) = postSolution
		SolutionGuid = {D257871A-56F7-4169-8D98-57274F91606F}
	EndGlobalSection
EndGlobal
