
Microsoft Visual Studio Solution File, Format Version 12.00
# Visual Studio Version 17
VisualStudioVersion = 17.7.34202.233
MinimumVisualStudioVersion = 10.0.40219.1
Project("{FAE04EC0-301F-11D3-BF4B-00C04F79EFBC}") = "Base_method", "Base_method\Base_method.csproj", "{A8ED6718-65B7-4C2F-95B8-ACAB1DEB59D7}"
EndProject
Global
	GlobalSection(SolutionConfigurationPlatforms) = preSolution
		Debug|Any CPU = Debug|Any CPU
		Release|Any CPU = Release|Any CPU
	EndGlobalSection
	GlobalSection(ProjectConfigurationPlatforms) = postSolution
		{A8ED6718-65B7-4C2F-95B8-ACAB1DEB59D7}.Debug|Any CPU.ActiveCfg = Debug|Any CPU
		{A8ED6718-65B7-4C2F-95B8-ACAB1DEB59D7}.Debug|Any CPU.Build.0 = Debug|Any CPU
		{A8ED6718-65B7-4C2F-95B8-ACAB1DEB59D7}.Release|Any CPU.ActiveCfg = Release|Any CPU
		{A8ED6718-65B7-4C2F-95B8-ACAB1DEB59D7}.Release|Any CPU.Build.0 = Release|Any CPU
	EndGlobalSection
	GlobalSection(SolutionProperties) = preSolution
		HideSolutionNode = FALSE
	EndGlobalSection
	GlobalSection(ExtensibilityGlobals) = postSolution
		SolutionGuid = {4F612326-1DC8-4778-B658-A5A35BBDEAD3}
	EndGlobalSection
EndGlobal
