
Microsoft Visual Studio Solution File, Format Version 12.00
# Visual Studio Version 17
VisualStudioVersion = 17.7.34202.233
MinimumVisualStudioVersion = 10.0.40219.1
Project("{FAE04EC0-301F-11D3-BF4B-00C04F79EFBC}") = "Table_Big_using_while", "Table_Big_using_while\Table_Big_using_while.csproj", "{9BD594F4-CC1C-4C82-ABDE-79AD62AE8B01}"
EndProject
Global
	GlobalSection(SolutionConfigurationPlatforms) = preSolution
		Debug|Any CPU = Debug|Any CPU
		Release|Any CPU = Release|Any CPU
	EndGlobalSection
	GlobalSection(ProjectConfigurationPlatforms) = postSolution
		{9BD594F4-CC1C-4C82-ABDE-79AD62AE8B01}.Debug|Any CPU.ActiveCfg = Debug|Any CPU
		{9BD594F4-CC1C-4C82-ABDE-79AD62AE8B01}.Debug|Any CPU.Build.0 = Debug|Any CPU
		{9BD594F4-CC1C-4C82-ABDE-79AD62AE8B01}.Release|Any CPU.ActiveCfg = Release|Any CPU
		{9BD594F4-CC1C-4C82-ABDE-79AD62AE8B01}.Release|Any CPU.Build.0 = Release|Any CPU
	EndGlobalSection
	GlobalSection(SolutionProperties) = preSolution
		HideSolutionNode = FALSE
	EndGlobalSection
	GlobalSection(ExtensibilityGlobals) = postSolution
		SolutionGuid = {BA651F94-C31A-4E48-98E4-A4148429541F}
	EndGlobalSection
EndGlobal
