
Microsoft Visual Studio Solution File, Format Version 12.00
# Visual Studio Version 17
VisualStudioVersion = 17.7.34202.233
MinimumVisualStudioVersion = 10.0.40219.1
Project("{FAE04EC0-301F-11D3-BF4B-00C04F79EFBC}") = "runtime_polymorphism", "runtime_polymorphism\runtime_polymorphism.csproj", "{D0AFA780-4103-482A-8430-C6C5E9CC52F5}"
EndProject
Global
	GlobalSection(SolutionConfigurationPlatforms) = preSolution
		Debug|Any CPU = Debug|Any CPU
		Release|Any CPU = Release|Any CPU
	EndGlobalSection
	GlobalSection(ProjectConfigurationPlatforms) = postSolution
		{D0AFA780-4103-482A-8430-C6C5E9CC52F5}.Debug|Any CPU.ActiveCfg = Debug|Any CPU
		{D0AFA780-4103-482A-8430-C6C5E9CC52F5}.Debug|Any CPU.Build.0 = Debug|Any CPU
		{D0AFA780-4103-482A-8430-C6C5E9CC52F5}.Release|Any CPU.ActiveCfg = Release|Any CPU
		{D0AFA780-4103-482A-8430-C6C5E9CC52F5}.Release|Any CPU.Build.0 = Release|Any CPU
	EndGlobalSection
	GlobalSection(SolutionProperties) = preSolution
		HideSolutionNode = FALSE
	EndGlobalSection
	GlobalSection(ExtensibilityGlobals) = postSolution
		SolutionGuid = {34CD9E71-673A-49AA-BA56-0FB5C4B4CF6B}
	EndGlobalSection
EndGlobal
