
Microsoft Visual Studio Solution File, Format Version 12.00
# Visual Studio Version 17
VisualStudioVersion = 17.7.34202.233
MinimumVisualStudioVersion = 10.0.40219.1
Project("{FAE04EC0-301F-11D3-BF4B-00C04F79EFBC}") = "marks_total_percentage_usingForLoop", "marks_total_percentage_usingForLoop\marks_total_percentage_usingForLoop.csproj", "{4A242FC4-85C1-4695-BAA0-F063B82E66E3}"
EndProject
Global
	GlobalSection(SolutionConfigurationPlatforms) = preSolution
		Debug|Any CPU = Debug|Any CPU
		Release|Any CPU = Release|Any CPU
	EndGlobalSection
	GlobalSection(ProjectConfigurationPlatforms) = postSolution
		{4A242FC4-85C1-4695-BAA0-F063B82E66E3}.Debug|Any CPU.ActiveCfg = Debug|Any CPU
		{4A242FC4-85C1-4695-BAA0-F063B82E66E3}.Debug|Any CPU.Build.0 = Debug|Any CPU
		{4A242FC4-85C1-4695-BAA0-F063B82E66E3}.Release|Any CPU.ActiveCfg = Release|Any CPU
		{4A242FC4-85C1-4695-BAA0-F063B82E66E3}.Release|Any CPU.Build.0 = Release|Any CPU
	EndGlobalSection
	GlobalSection(SolutionProperties) = preSolution
		HideSolutionNode = FALSE
	EndGlobalSection
	GlobalSection(ExtensibilityGlobals) = postSolution
		SolutionGuid = {F073A9C5-B14B-4334-887B-85DD4614D922}
	EndGlobalSection
EndGlobal
