
Microsoft Visual Studio Solution File, Format Version 12.00
# Visual Studio Version 17
VisualStudioVersion = 17.7.34202.233
MinimumVisualStudioVersion = 10.0.40219.1
Project("{FAE04EC0-301F-11D3-BF4B-00C04F79EFBC}") = "Student_fees", "Student_fees\Student_fees.csproj", "{BF33B910-F5C6-4910-A265-8532095266A1}"
EndProject
Global
	GlobalSection(SolutionConfigurationPlatforms) = preSolution
		Debug|Any CPU = Debug|Any CPU
		Release|Any CPU = Release|Any CPU
	EndGlobalSection
	GlobalSection(ProjectConfigurationPlatforms) = postSolution
		{BF33B910-F5C6-4910-A265-8532095266A1}.Debug|Any CPU.ActiveCfg = Debug|Any CPU
		{BF33B910-F5C6-4910-A265-8532095266A1}.Debug|Any CPU.Build.0 = Debug|Any CPU
		{BF33B910-F5C6-4910-A265-8532095266A1}.Release|Any CPU.ActiveCfg = Release|Any CPU
		{BF33B910-F5C6-4910-A265-8532095266A1}.Release|Any CPU.Build.0 = Release|Any CPU
	EndGlobalSection
	GlobalSection(SolutionProperties) = preSolution
		HideSolutionNode = FALSE
	EndGlobalSection
	GlobalSection(ExtensibilityGlobals) = postSolution
		SolutionGuid = {22C73F49-B04C-4CAD-B56F-BF910427A201}
	EndGlobalSection
EndGlobal
