
Microsoft Visual Studio Solution File, Format Version 12.00
# Visual Studio Version 17
VisualStudioVersion = 17.7.34202.233
MinimumVisualStudioVersion = 10.0.40219.1
Project("{FAE04EC0-301F-11D3-BF4B-00C04F79EFBC}") = "Average_10numbers_while", "Average_10numbers_while\Average_10numbers_while.csproj", "{81FAF73A-C00B-4C66-A0CE-7018A1DAF85B}"
EndProject
Global
	GlobalSection(SolutionConfigurationPlatforms) = preSolution
		Debug|Any CPU = Debug|Any CPU
		Release|Any CPU = Release|Any CPU
	EndGlobalSection
	GlobalSection(ProjectConfigurationPlatforms) = postSolution
		{81FAF73A-C00B-4C66-A0CE-7018A1DAF85B}.Debug|Any CPU.ActiveCfg = Debug|Any CPU
		{81FAF73A-C00B-4C66-A0CE-7018A1DAF85B}.Debug|Any CPU.Build.0 = Debug|Any CPU
		{81FAF73A-C00B-4C66-A0CE-7018A1DAF85B}.Release|Any CPU.ActiveCfg = Release|Any CPU
		{81FAF73A-C00B-4C66-A0CE-7018A1DAF85B}.Release|Any CPU.Build.0 = Release|Any CPU
	EndGlobalSection
	GlobalSection(SolutionProperties) = preSolution
		HideSolutionNode = FALSE
	EndGlobalSection
	GlobalSection(ExtensibilityGlobals) = postSolution
		SolutionGuid = {4D635624-3EF0-4A71-810E-62B4A02F51FA}
	EndGlobalSection
EndGlobal
