
Microsoft Visual Studio Solution File, Format Version 12.00
# Visual Studio Version 17
VisualStudioVersion = 17.7.34202.233
MinimumVisualStudioVersion = 10.0.40219.1
Project("{FAE04EC0-301F-11D3-BF4B-00C04F79EFBC}") = "sort_array", "sort_array\sort_array.csproj", "{DA6AF08B-F7FD-4C10-A0B0-66D79FB71ADC}"
EndProject
Global
	GlobalSection(SolutionConfigurationPlatforms) = preSolution
		Debug|Any CPU = Debug|Any CPU
		Release|Any CPU = Release|Any CPU
	EndGlobalSection
	GlobalSection(ProjectConfigurationPlatforms) = postSolution
		{DA6AF08B-F7FD-4C10-A0B0-66D79FB71ADC}.Debug|Any CPU.ActiveCfg = Debug|Any CPU
		{DA6AF08B-F7FD-4C10-A0B0-66D79FB71ADC}.Debug|Any CPU.Build.0 = Debug|Any CPU
		{DA6AF08B-F7FD-4C10-A0B0-66D79FB71ADC}.Release|Any CPU.ActiveCfg = Release|Any CPU
		{DA6AF08B-F7FD-4C10-A0B0-66D79FB71ADC}.Release|Any CPU.Build.0 = Release|Any CPU
	EndGlobalSection
	GlobalSection(SolutionProperties) = preSolution
		HideSolutionNode = FALSE
	EndGlobalSection
	GlobalSection(ExtensibilityGlobals) = postSolution
		SolutionGuid = {672BCE13-656B-47BE-8F25-7711CAD59357}
	EndGlobalSection
EndGlobal
