
Microsoft Visual Studio Solution File, Format Version 12.00
# Visual Studio Version 17
VisualStudioVersion = 17.7.34202.233
MinimumVisualStudioVersion = 10.0.40219.1
Project("{FAE04EC0-301F-11D3-BF4B-00C04F79EFBC}") = "StudentsInfoTracking", "StudentsInfoTracking\StudentsInfoTracking.csproj", "{7E337F22-87E4-41A7-9166-92F431069320}"
EndProject
Global
	GlobalSection(SolutionConfigurationPlatforms) = preSolution
		Debug|Any CPU = Debug|Any CPU
		Release|Any CPU = Release|Any CPU
	EndGlobalSection
	GlobalSection(ProjectConfigurationPlatforms) = postSolution
		{7E337F22-87E4-41A7-9166-92F431069320}.Debug|Any CPU.ActiveCfg = Debug|Any CPU
		{7E337F22-87E4-41A7-9166-92F431069320}.Debug|Any CPU.Build.0 = Debug|Any CPU
		{7E337F22-87E4-41A7-9166-92F431069320}.Release|Any CPU.ActiveCfg = Release|Any CPU
		{7E337F22-87E4-41A7-9166-92F431069320}.Release|Any CPU.Build.0 = Release|Any CPU
	EndGlobalSection
	GlobalSection(SolutionProperties) = preSolution
		HideSolutionNode = FALSE
	EndGlobalSection
	GlobalSection(ExtensibilityGlobals) = postSolution
		SolutionGuid = {337C0592-8A0C-46C5-B1BF-7A9EB91DBE0D}
	EndGlobalSection
EndGlobal
