
Microsoft Visual Studio Solution File, Format Version 12.00
# Visual Studio Version 17
VisualStudioVersion = 17.7.34202.233
MinimumVisualStudioVersion = 10.0.40219.1
Project("{FAE04EC0-301F-11D3-BF4B-00C04F79EFBC}") = "Email1", "Email1\Email1.csproj", "{79C0BCA0-67E7-4A83-BC56-187B0B6F77E8}"
EndProject
Global
	GlobalSection(SolutionConfigurationPlatforms) = preSolution
		Debug|Any CPU = Debug|Any CPU
		Release|Any CPU = Release|Any CPU
	EndGlobalSection
	GlobalSection(ProjectConfigurationPlatforms) = postSolution
		{79C0BCA0-67E7-4A83-BC56-187B0B6F77E8}.Debug|Any CPU.ActiveCfg = Debug|Any CPU
		{79C0BCA0-67E7-4A83-BC56-187B0B6F77E8}.Debug|Any CPU.Build.0 = Debug|Any CPU
		{79C0BCA0-67E7-4A83-BC56-187B0B6F77E8}.Release|Any CPU.ActiveCfg = Release|Any CPU
		{79C0BCA0-67E7-4A83-BC56-187B0B6F77E8}.Release|Any CPU.Build.0 = Release|Any CPU
	EndGlobalSection
	GlobalSection(SolutionProperties) = preSolution
		HideSolutionNode = FALSE
	EndGlobalSection
	GlobalSection(ExtensibilityGlobals) = postSolution
		SolutionGuid = {AB199FD0-C5B2-429C-B466-4789005148E0}
	EndGlobalSection
EndGlobal
