
Microsoft Visual Studio Solution File, Format Version 12.00
# Visual Studio Version 17
VisualStudioVersion = 17.7.34202.233
MinimumVisualStudioVersion = 10.0.40219.1
Project("{FAE04EC0-301F-11D3-BF4B-00C04F79EFBC}") = "Out_parameter_method", "Out_parameter_method\Out_parameter_method.csproj", "{ADCD7A6A-1FF6-4C3B-83DA-624F6C2EA8FD}"
EndProject
Global
	GlobalSection(SolutionConfigurationPlatforms) = preSolution
		Debug|Any CPU = Debug|Any CPU
		Release|Any CPU = Release|Any CPU
	EndGlobalSection
	GlobalSection(ProjectConfigurationPlatforms) = postSolution
		{ADCD7A6A-1FF6-4C3B-83DA-624F6C2EA8FD}.Debug|Any CPU.ActiveCfg = Debug|Any CPU
		{ADCD7A6A-1FF6-4C3B-83DA-624F6C2EA8FD}.Debug|Any CPU.Build.0 = Debug|Any CPU
		{ADCD7A6A-1FF6-4C3B-83DA-624F6C2EA8FD}.Release|Any CPU.ActiveCfg = Release|Any CPU
		{ADCD7A6A-1FF6-4C3B-83DA-624F6C2EA8FD}.Release|Any CPU.Build.0 = Release|Any CPU
	EndGlobalSection
	GlobalSection(SolutionProperties) = preSolution
		HideSolutionNode = FALSE
	EndGlobalSection
	GlobalSection(ExtensibilityGlobals) = postSolution
		SolutionGuid = {8AD65EC1-558F-4395-9307-0B0616BCFF0B}
	EndGlobalSection
EndGlobal
