
Microsoft Visual Studio Solution File, Format Version 12.00
# Visual Studio Version 17
VisualStudioVersion = 17.7.34202.233
MinimumVisualStudioVersion = 10.0.40219.1
Project("{FAE04EC0-301F-11D3-BF4B-00C04F79EFBC}") = "pass_by_refrences", "pass_by_refrences\pass_by_refrences.csproj", "{2392FE1B-0904-45CC-950C-940C4CA25343}"
EndProject
Global
	GlobalSection(SolutionConfigurationPlatforms) = preSolution
		Debug|Any CPU = Debug|Any CPU
		Release|Any CPU = Release|Any CPU
	EndGlobalSection
	GlobalSection(ProjectConfigurationPlatforms) = postSolution
		{2392FE1B-0904-45CC-950C-940C4CA25343}.Debug|Any CPU.ActiveCfg = Debug|Any CPU
		{2392FE1B-0904-45CC-950C-940C4CA25343}.Debug|Any CPU.Build.0 = Debug|Any CPU
		{2392FE1B-0904-45CC-950C-940C4CA25343}.Release|Any CPU.ActiveCfg = Release|Any CPU
		{2392FE1B-0904-45CC-950C-940C4CA25343}.Release|Any CPU.Build.0 = Release|Any CPU
	EndGlobalSection
	GlobalSection(SolutionProperties) = preSolution
		HideSolutionNode = FALSE
	EndGlobalSection
	GlobalSection(ExtensibilityGlobals) = postSolution
		SolutionGuid = {11F9C1F5-6804-47FA-80CA-CAA3DC0E41EE}
	EndGlobalSection
EndGlobal
