
Microsoft Visual Studio Solution File, Format Version 12.00
# Visual Studio Version 17
VisualStudioVersion = 17.7.34202.233
MinimumVisualStudioVersion = 10.0.40219.1
Project("{FAE04EC0-301F-11D3-BF4B-00C04F79EFBC}") = "Student_ArrayList_form", "Student_ArrayList_form\Student_ArrayList_form.csproj", "{919E2BC4-A570-4C67-9223-13F9EA25978A}"
EndProject
Global
	GlobalSection(SolutionConfigurationPlatforms) = preSolution
		Debug|Any CPU = Debug|Any CPU
		Release|Any CPU = Release|Any CPU
	EndGlobalSection
	GlobalSection(ProjectConfigurationPlatforms) = postSolution
		{919E2BC4-A570-4C67-9223-13F9EA25978A}.Debug|Any CPU.ActiveCfg = Debug|Any CPU
		{919E2BC4-A570-4C67-9223-13F9EA25978A}.Debug|Any CPU.Build.0 = Debug|Any CPU
		{919E2BC4-A570-4C67-9223-13F9EA25978A}.Release|Any CPU.ActiveCfg = Release|Any CPU
		{919E2BC4-A570-4C67-9223-13F9EA25978A}.Release|Any CPU.Build.0 = Release|Any CPU
	EndGlobalSection
	GlobalSection(SolutionProperties) = preSolution
		HideSolutionNode = FALSE
	EndGlobalSection
	GlobalSection(ExtensibilityGlobals) = postSolution
		SolutionGuid = {6A0E588D-1ECA-4542-94AA-866768119641}
	EndGlobalSection
EndGlobal
