
Microsoft Visual Studio Solution File, Format Version 12.00
# Visual Studio Version 17
VisualStudioVersion = 17.7.34202.233
MinimumVisualStudioVersion = 10.0.40219.1
Project("{FAE04EC0-301F-11D3-BF4B-00C04F79EFBC}") = "Array_of_Objects", "Array_of_Objects\Array_of_Objects.csproj", "{A031600A-196D-459A-90CE-0AD45F921523}"
EndProject
Global
	GlobalSection(SolutionConfigurationPlatforms) = preSolution
		Debug|Any CPU = Debug|Any CPU
		Release|Any CPU = Release|Any CPU
	EndGlobalSection
	GlobalSection(ProjectConfigurationPlatforms) = postSolution
		{A031600A-196D-459A-90CE-0AD45F921523}.Debug|Any CPU.ActiveCfg = Debug|Any CPU
		{A031600A-196D-459A-90CE-0AD45F921523}.Debug|Any CPU.Build.0 = Debug|Any CPU
		{A031600A-196D-459A-90CE-0AD45F921523}.Release|Any CPU.ActiveCfg = Release|Any CPU
		{A031600A-196D-459A-90CE-0AD45F921523}.Release|Any CPU.Build.0 = Release|Any CPU
	EndGlobalSection
	GlobalSection(SolutionProperties) = preSolution
		HideSolutionNode = FALSE
	EndGlobalSection
	GlobalSection(ExtensibilityGlobals) = postSolution
		SolutionGuid = {25556233-8C93-49F5-8549-D30D2B44A602}
	EndGlobalSection
EndGlobal
