
Microsoft Visual Studio Solution File, Format Version 12.00
# Visual Studio Version 17
VisualStudioVersion = 17.7.34202.233
MinimumVisualStudioVersion = 10.0.40219.1
Project("{FAE04EC0-301F-11D3-BF4B-00C04F79EFBC}") = "polymorphism_simple_runtime", "polymorphism_simple_runtime\polymorphism_simple_runtime.csproj", "{06745F73-B7A7-408D-86EC-6DAC07EED651}"
EndProject
Global
	GlobalSection(SolutionConfigurationPlatforms) = preSolution
		Debug|Any CPU = Debug|Any CPU
		Release|Any CPU = Release|Any CPU
	EndGlobalSection
	GlobalSection(ProjectConfigurationPlatforms) = postSolution
		{06745F73-B7A7-408D-86EC-6DAC07EED651}.Debug|Any CPU.ActiveCfg = Debug|Any CPU
		{06745F73-B7A7-408D-86EC-6DAC07EED651}.Debug|Any CPU.Build.0 = Debug|Any CPU
		{06745F73-B7A7-408D-86EC-6DAC07EED651}.Release|Any CPU.ActiveCfg = Release|Any CPU
		{06745F73-B7A7-408D-86EC-6DAC07EED651}.Release|Any CPU.Build.0 = Release|Any CPU
	EndGlobalSection
	GlobalSection(SolutionProperties) = preSolution
		HideSolutionNode = FALSE
	EndGlobalSection
	GlobalSection(ExtensibilityGlobals) = postSolution
		SolutionGuid = {8011E73F-6E6C-49E5-A3E6-08D161CEEB83}
	EndGlobalSection
EndGlobal
