
Microsoft Visual Studio Solution File, Format Version 12.00
# Visual Studio Version 17
VisualStudioVersion = 17.7.34202.233
MinimumVisualStudioVersion = 10.0.40219.1
Project("{FAE04EC0-301F-11D3-BF4B-00C04F79EFBC}") = "Assignment_Employee", "Assignment_Employee\Assignment_Employee.csproj", "{83DAC1F4-830B-448C-9A9B-699C78893964}"
EndProject
Global
	GlobalSection(SolutionConfigurationPlatforms) = preSolution
		Debug|Any CPU = Debug|Any CPU
		Release|Any CPU = Release|Any CPU
	EndGlobalSection
	GlobalSection(ProjectConfigurationPlatforms) = postSolution
		{83DAC1F4-830B-448C-9A9B-699C78893964}.Debug|Any CPU.ActiveCfg = Debug|Any CPU
		{83DAC1F4-830B-448C-9A9B-699C78893964}.Debug|Any CPU.Build.0 = Debug|Any CPU
		{83DAC1F4-830B-448C-9A9B-699C78893964}.Release|Any CPU.ActiveCfg = Release|Any CPU
		{83DAC1F4-830B-448C-9A9B-699C78893964}.Release|Any CPU.Build.0 = Release|Any CPU
	EndGlobalSection
	GlobalSection(SolutionProperties) = preSolution
		HideSolutionNode = FALSE
	EndGlobalSection
	GlobalSection(ExtensibilityGlobals) = postSolution
		SolutionGuid = {0507CA46-DC5F-4C94-BF96-E6DA3E59436A}
	EndGlobalSection
EndGlobal
