
Microsoft Visual Studio Solution File, Format Version 12.00
# Visual Studio Version 17
VisualStudioVersion = 17.7.34202.233
MinimumVisualStudioVersion = 10.0.40219.1
Project("{FAE04EC0-301F-11D3-BF4B-00C04F79EFBC}") = "Bank_winform", "Bank_winform\Bank_winform.csproj", "{13D952BF-5269-4747-A692-82D684F0B4D5}"
EndProject
Global
	GlobalSection(SolutionConfigurationPlatforms) = preSolution
		Debug|Any CPU = Debug|Any CPU
		Release|Any CPU = Release|Any CPU
	EndGlobalSection
	GlobalSection(ProjectConfigurationPlatforms) = postSolution
		{13D952BF-5269-4747-A692-82D684F0B4D5}.Debug|Any CPU.ActiveCfg = Debug|Any CPU
		{13D952BF-5269-4747-A692-82D684F0B4D5}.Debug|Any CPU.Build.0 = Debug|Any CPU
		{13D952BF-5269-4747-A692-82D684F0B4D5}.Release|Any CPU.ActiveCfg = Release|Any CPU
		{13D952BF-5269-4747-A692-82D684F0B4D5}.Release|Any CPU.Build.0 = Release|Any CPU
	EndGlobalSection
	GlobalSection(SolutionProperties) = preSolution
		HideSolutionNode = FALSE
	EndGlobalSection
	GlobalSection(ExtensibilityGlobals) = postSolution
		SolutionGuid = {2CE2F6D1-CCF9-4D3B-B3BA-8B332121FFCE}
	EndGlobalSection
EndGlobal
