
Microsoft Visual Studio Solution File, Format Version 12.00
# Visual Studio Version 17
VisualStudioVersion = 17.7.34202.233
MinimumVisualStudioVersion = 10.0.40219.1
Project("{FAE04EC0-301F-11D3-BF4B-00C04F79EFBC}") = "Data_Member_Animal", "Data_Member_Animal\Data_Member_Animal.csproj", "{D72A884B-BABD-4F48-8962-3ECADBEBE6DB}"
EndProject
Global
	GlobalSection(SolutionConfigurationPlatforms) = preSolution
		Debug|Any CPU = Debug|Any CPU
		Release|Any CPU = Release|Any CPU
	EndGlobalSection
	GlobalSection(ProjectConfigurationPlatforms) = postSolution
		{D72A884B-BABD-4F48-8962-3ECADBEBE6DB}.Debug|Any CPU.ActiveCfg = Debug|Any CPU
		{D72A884B-BABD-4F48-8962-3ECADBEBE6DB}.Debug|Any CPU.Build.0 = Debug|Any CPU
		{D72A884B-BABD-4F48-8962-3ECADBEBE6DB}.Release|Any CPU.ActiveCfg = Release|Any CPU
		{D72A884B-BABD-4F48-8962-3ECADBEBE6DB}.Release|Any CPU.Build.0 = Release|Any CPU
	EndGlobalSection
	GlobalSection(SolutionProperties) = preSolution
		HideSolutionNode = FALSE
	EndGlobalSection
	GlobalSection(ExtensibilityGlobals) = postSolution
		SolutionGuid = {BC572E9B-C319-4222-AB5E-A68DA1DD062F}
	EndGlobalSection
EndGlobal
