
Microsoft Visual Studio Solution File, Format Version 12.00
# Visual Studio Version 17
VisualStudioVersion = 17.7.34202.233
MinimumVisualStudioVersion = 10.0.40219.1
Project("{FAE04EC0-301F-11D3-BF4B-00C04F79EFBC}") = "List_console", "List_console\List_console.csproj", "{468AB2D5-C4D6-4B6B-8C37-33AE764151BF}"
EndProject
Global
	GlobalSection(SolutionConfigurationPlatforms) = preSolution
		Debug|Any CPU = Debug|Any CPU
		Release|Any CPU = Release|Any CPU
	EndGlobalSection
	GlobalSection(ProjectConfigurationPlatforms) = postSolution
		{468AB2D5-C4D6-4B6B-8C37-33AE764151BF}.Debug|Any CPU.ActiveCfg = Debug|Any CPU
		{468AB2D5-C4D6-4B6B-8C37-33AE764151BF}.Debug|Any CPU.Build.0 = Debug|Any CPU
		{468AB2D5-C4D6-4B6B-8C37-33AE764151BF}.Release|Any CPU.ActiveCfg = Release|Any CPU
		{468AB2D5-C4D6-4B6B-8C37-33AE764151BF}.Release|Any CPU.Build.0 = Release|Any CPU
	EndGlobalSection
	GlobalSection(SolutionProperties) = preSolution
		HideSolutionNode = FALSE
	EndGlobalSection
	GlobalSection(ExtensibilityGlobals) = postSolution
		SolutionGuid = {E789A6B2-07E6-4333-B6F0-0621E0ED80E0}
	EndGlobalSection
EndGlobal
