
Microsoft Visual Studio Solution File, Format Version 12.00
# Visual Studio Version 17
VisualStudioVersion = 17.7.34202.233
MinimumVisualStudioVersion = 10.0.40219.1
Project("{FAE04EC0-301F-11D3-BF4B-00C04F79EFBC}") = "assignment_print_name", "assignment_print_name\assignment_print_name.csproj", "{93F3D4C0-842F-47A1-B332-B6149BD03482}"
EndProject
Global
	GlobalSection(SolutionConfigurationPlatforms) = preSolution
		Debug|Any CPU = Debug|Any CPU
		Release|Any CPU = Release|Any CPU
	EndGlobalSection
	GlobalSection(ProjectConfigurationPlatforms) = postSolution
		{93F3D4C0-842F-47A1-B332-B6149BD03482}.Debug|Any CPU.ActiveCfg = Debug|Any CPU
		{93F3D4C0-842F-47A1-B332-B6149BD03482}.Debug|Any CPU.Build.0 = Debug|Any CPU
		{93F3D4C0-842F-47A1-B332-B6149BD03482}.Release|Any CPU.ActiveCfg = Release|Any CPU
		{93F3D4C0-842F-47A1-B332-B6149BD03482}.Release|Any CPU.Build.0 = Release|Any CPU
	EndGlobalSection
	GlobalSection(SolutionProperties) = preSolution
		HideSolutionNode = FALSE
	EndGlobalSection
	GlobalSection(ExtensibilityGlobals) = postSolution
		SolutionGuid = {2E2D6F3D-275A-41B7-9EB2-9AA96F75A17B}
	EndGlobalSection
EndGlobal
