
Microsoft Visual Studio Solution File, Format Version 12.00
# Visual Studio Version 17
VisualStudioVersion = 17.7.34202.233
MinimumVisualStudioVersion = 10.0.40219.1
Project("{FAE04EC0-301F-11D3-BF4B-00C04F79EFBC}") = "day_by_no", "day_by_no\day_by_no.csproj", "{B0DC4163-6475-46EA-9785-94D15E6E7851}"
EndProject
Global
	GlobalSection(SolutionConfigurationPlatforms) = preSolution
		Debug|Any CPU = Debug|Any CPU
		Release|Any CPU = Release|Any CPU
	EndGlobalSection
	GlobalSection(ProjectConfigurationPlatforms) = postSolution
		{B0DC4163-6475-46EA-9785-94D15E6E7851}.Debug|Any CPU.ActiveCfg = Debug|Any CPU
		{B0DC4163-6475-46EA-9785-94D15E6E7851}.Debug|Any CPU.Build.0 = Debug|Any CPU
		{B0DC4163-6475-46EA-9785-94D15E6E7851}.Release|Any CPU.ActiveCfg = Release|Any CPU
		{B0DC4163-6475-46EA-9785-94D15E6E7851}.Release|Any CPU.Build.0 = Release|Any CPU
	EndGlobalSection
	GlobalSection(SolutionProperties) = preSolution
		HideSolutionNode = FALSE
	EndGlobalSection
	GlobalSection(ExtensibilityGlobals) = postSolution
		SolutionGuid = {5E7E60AA-79FC-4BFE-B31C-31F00E4C7A92}
	EndGlobalSection
EndGlobal
