
Microsoft Visual Studio Solution File, Format Version 12.00
# Visual Studio Version 17
VisualStudioVersion = 17.7.34202.233
MinimumVisualStudioVersion = 10.0.40219.1
Project("{FAE04EC0-301F-11D3-BF4B-00C04F79EFBC}") = "sum_of_5num_forLoop", "sum_of_5num_forLoop\sum_of_5num_forLoop.csproj", "{FF242DCC-E176-4B3B-94D2-6192A713889F}"
EndProject
Global
	GlobalSection(SolutionConfigurationPlatforms) = preSolution
		Debug|Any CPU = Debug|Any CPU
		Release|Any CPU = Release|Any CPU
	EndGlobalSection
	GlobalSection(ProjectConfigurationPlatforms) = postSolution
		{FF242DCC-E176-4B3B-94D2-6192A713889F}.Debug|Any CPU.ActiveCfg = Debug|Any CPU
		{FF242DCC-E176-4B3B-94D2-6192A713889F}.Debug|Any CPU.Build.0 = Debug|Any CPU
		{FF242DCC-E176-4B3B-94D2-6192A713889F}.Release|Any CPU.ActiveCfg = Release|Any CPU
		{FF242DCC-E176-4B3B-94D2-6192A713889F}.Release|Any CPU.Build.0 = Release|Any CPU
	EndGlobalSection
	GlobalSection(SolutionProperties) = preSolution
		HideSolutionNode = FALSE
	EndGlobalSection
	GlobalSection(ExtensibilityGlobals) = postSolution
		SolutionGuid = {3FCC8495-9FAC-46B6-9508-D671F366AE48}
	EndGlobalSection
EndGlobal
