
Microsoft Visual Studio Solution File, Format Version 12.00
# Visual Studio Version 17
VisualStudioVersion = 17.7.34202.233
MinimumVisualStudioVersion = 10.0.40219.1
Project("{FAE04EC0-301F-11D3-BF4B-00C04F79EFBC}") = "Q3_Animal", "Q3_Animal\Q3_Animal.csproj", "{FBA62ADB-8467-418F-94AB-4C4CE9A019C8}"
EndProject
Global
	GlobalSection(SolutionConfigurationPlatforms) = preSolution
		Debug|Any CPU = Debug|Any CPU
		Release|Any CPU = Release|Any CPU
	EndGlobalSection
	GlobalSection(ProjectConfigurationPlatforms) = postSolution
		{FBA62ADB-8467-418F-94AB-4C4CE9A019C8}.Debug|Any CPU.ActiveCfg = Debug|Any CPU
		{FBA62ADB-8467-418F-94AB-4C4CE9A019C8}.Debug|Any CPU.Build.0 = Debug|Any CPU
		{FBA62ADB-8467-418F-94AB-4C4CE9A019C8}.Release|Any CPU.ActiveCfg = Release|Any CPU
		{FBA62ADB-8467-418F-94AB-4C4CE9A019C8}.Release|Any CPU.Build.0 = Release|Any CPU
	EndGlobalSection
	GlobalSection(SolutionProperties) = preSolution
		HideSolutionNode = FALSE
	EndGlobalSection
	GlobalSection(ExtensibilityGlobals) = postSolution
		SolutionGuid = {9A50DE89-75D5-44CE-A33E-5226A52D92DB}
	EndGlobalSection
EndGlobal
