
Microsoft Visual Studio Solution File, Format Version 12.00
# Visual Studio Version 17
VisualStudioVersion = 17.7.34202.233
MinimumVisualStudioVersion = 10.0.40219.1
Project("{FAE04EC0-301F-11D3-BF4B-00C04F79EFBC}") = "Linked_List_winform", "Linked_List_winform\Linked_List_winform.csproj", "{8E0FD31F-0878-4E3C-99ED-C8BF3E72E5C3}"
EndProject
Global
	GlobalSection(SolutionConfigurationPlatforms) = preSolution
		Debug|Any CPU = Debug|Any CPU
		Release|Any CPU = Release|Any CPU
	EndGlobalSection
	GlobalSection(ProjectConfigurationPlatforms) = postSolution
		{8E0FD31F-0878-4E3C-99ED-C8BF3E72E5C3}.Debug|Any CPU.ActiveCfg = Debug|Any CPU
		{8E0FD31F-0878-4E3C-99ED-C8BF3E72E5C3}.Debug|Any CPU.Build.0 = Debug|Any CPU
		{8E0FD31F-0878-4E3C-99ED-C8BF3E72E5C3}.Release|Any CPU.ActiveCfg = Release|Any CPU
		{8E0FD31F-0878-4E3C-99ED-C8BF3E72E5C3}.Release|Any CPU.Build.0 = Release|Any CPU
	EndGlobalSection
	GlobalSection(SolutionProperties) = preSolution
		HideSolutionNode = FALSE
	EndGlobalSection
	GlobalSection(ExtensibilityGlobals) = postSolution
		SolutionGuid = {BC4DD8CA-C602-44B0-ADC5-2BB2D1B6F5BB}
	EndGlobalSection
EndGlobal
